// !$*UTF8*$!
{
	archiveVersion = 1;
	classes = {
	};
	objectVersion = 48;
	objects = {

/* Begin PBXBuildFile section */
		404921562086209400112F49 /* HistoryTableViewCell.swift in Sources */ = {isa = PBXBuildFile; fileRef = 404921552086209400112F49 /* HistoryTableViewCell.swift */; };
		40F86FE920839AE800576EBE /* WithdrawCompaniesTableViewController.swift in Sources */ = {isa = PBXBuildFile; fileRef = 40F86FE820839AE800576EBE /* WithdrawCompaniesTableViewController.swift */; };
		40F86FEB20839B0E00576EBE /* WithdrawCompaniesTableViewCell.swift in Sources */ = {isa = PBXBuildFile; fileRef = 40F86FEA20839B0E00576EBE /* WithdrawCompaniesTableViewCell.swift */; };
		40F86FED20839FCB00576EBE /* WithdrawCompany.swift in Sources */ = {isa = PBXBuildFile; fileRef = 40F86FEC20839FCB00576EBE /* WithdrawCompany.swift */; };
		67BD943F2A1299584C58DF7F /* Pods_Yebalak.framework in Frameworks */ = {isa = PBXBuildFile; fileRef = 9182668FEE11551F15EEE8D5 /* Pods_Yebalak.framework */; };
		7D1184832083998C00874D0E /* Withdraw.storyboard in Resources */ = {isa = PBXBuildFile; fileRef = 7D1184822083998C00874D0E /* Withdraw.storyboard */; };
		7D11848520839BE100874D0E /* WithdrawVC.swift in Sources */ = {isa = PBXBuildFile; fileRef = 7D11848420839BE100874D0E /* WithdrawVC.swift */; };
		7D20A8462084F5A8001CC099 /* Branche.swift in Sources */ = {isa = PBXBuildFile; fileRef = 7D20A8452084F5A7001CC099 /* Branche.swift */; };
		7D20A8482084F66A001CC099 /* Merchant.swift in Sources */ = {isa = PBXBuildFile; fileRef = 7D20A8472084F66A001CC099 /* Merchant.swift */; };
		7D20A84A2084F6A6001CC099 /* MerchantDevice.swift in Sources */ = {isa = PBXBuildFile; fileRef = 7D20A8492084F6A6001CC099 /* MerchantDevice.swift */; };
		7D20A84C2084F6DC001CC099 /* Deposit.swift in Sources */ = {isa = PBXBuildFile; fileRef = 7D20A84B2084F6DC001CC099 /* Deposit.swift */; };
		7D20A84E2084F88C001CC099 /* DepositHistoryVC.swift in Sources */ = {isa = PBXBuildFile; fileRef = 7D20A84D2084F88C001CC099 /* DepositHistoryVC.swift */; };
		7D20A8502085068B001CC099 /* History.storyboard in Resources */ = {isa = PBXBuildFile; fileRef = 7D20A84F2085068B001CC099 /* History.storyboard */; };
		7D5668CA20860D2900DC46F4 /* UserWithdraw.swift in Sources */ = {isa = PBXBuildFile; fileRef = 7D5668C920860D2900DC46F4 /* UserWithdraw.swift */; };
		7D5668CC20860FBA00DC46F4 /* UserWithdrawHistoryVC.swift in Sources */ = {isa = PBXBuildFile; fileRef = 7D5668CB20860FBA00DC46F4 /* UserWithdrawHistoryVC.swift */; };
		7D5668CF208618E700DC46F4 /* EditProfileVC.swift in Sources */ = {isa = PBXBuildFile; fileRef = 7D5668CE208618E700DC46F4 /* EditProfileVC.swift */; };
		7D63DAA9207E14CB00BF54E1 /* AppConstant.swift in Sources */ = {isa = PBXBuildFile; fileRef = 7D63DAA8207E14CB00BF54E1 /* AppConstant.swift */; };
		7D63DAAB207E195200BF54E1 /* User.swift in Sources */ = {isa = PBXBuildFile; fileRef = 7D63DAAA207E195200BF54E1 /* User.swift */; };
		7D63DAAD207E2A2700BF54E1 /* GeneralMethod.swift in Sources */ = {isa = PBXBuildFile; fileRef = 7D63DAAC207E2A2700BF54E1 /* GeneralMethod.swift */; };
		7D63DAAF207E2BE700BF54E1 /* Extensions.swift in Sources */ = {isa = PBXBuildFile; fileRef = 7D63DAAE207E2BE700BF54E1 /* Extensions.swift */; };
		7D63DAB1207E2ED700BF54E1 /* Enumeration.swift in Sources */ = {isa = PBXBuildFile; fileRef = 7D63DAB0207E2ED700BF54E1 /* Enumeration.swift */; };
		7D63DAB5207E4C0800BF54E1 /* VerifyVC.swift in Sources */ = {isa = PBXBuildFile; fileRef = 7D63DAB4207E4C0800BF54E1 /* VerifyVC.swift */; };
		7D77A6D4207CB838006D91B6 /* AppDelegate.swift in Sources */ = {isa = PBXBuildFile; fileRef = 7D77A6D3207CB838006D91B6 /* AppDelegate.swift */; };
		7D77A6D6207CB838006D91B6 /* BalanceViewController.swift in Sources */ = {isa = PBXBuildFile; fileRef = 7D77A6D5207CB838006D91B6 /* BalanceViewController.swift */; };
		7D77A6D9207CB838006D91B6 /* Main.storyboard in Resources */ = {isa = PBXBuildFile; fileRef = 7D77A6D7207CB838006D91B6 /* Main.storyboard */; };
		7D77A6DB207CB838006D91B6 /* Assets.xcassets in Resources */ = {isa = PBXBuildFile; fileRef = 7D77A6DA207CB838006D91B6 /* Assets.xcassets */; };
		7D77A6DE207CB838006D91B6 /* LaunchScreen.storyboard in Resources */ = {isa = PBXBuildFile; fileRef = 7D77A6DC207CB838006D91B6 /* LaunchScreen.storyboard */; };
		7D77A6E7207CBD49006D91B6 /* Register.storyboard in Resources */ = {isa = PBXBuildFile; fileRef = 7D77A6E6207CBD49006D91B6 /* Register.storyboard */; };
		7D77A6EA207CBDB0006D91B6 /* RegisterVC.swift in Sources */ = {isa = PBXBuildFile; fileRef = 7D77A6E9207CBDB0006D91B6 /* RegisterVC.swift */; };
		7D77A6ED207D0384006D91B6 /* serverManger.swift in Sources */ = {isa = PBXBuildFile; fileRef = 7D77A6EC207D0384006D91B6 /* serverManger.swift */; };
		7D77A6F0207D0496006D91B6 /* ApiRequests.swift in Sources */ = {isa = PBXBuildFile; fileRef = 7D77A6EF207D0496006D91B6 /* ApiRequests.swift */; };
		7D77A6F4207D1506006D91B6 /* LoginVC.swift in Sources */ = {isa = PBXBuildFile; fileRef = 7D77A6F3207D1506006D91B6 /* LoginVC.swift */; };
/* End PBXBuildFile section */

/* Begin PBXFileReference section */
		404921552086209400112F49 /* HistoryTableViewCell.swift */ = {isa = PBXFileReference; fileEncoding = 4; lastKnownFileType = sourcecode.swift; path = HistoryTableViewCell.swift; sourceTree = "<group>"; };
		40F86FE820839AE800576EBE /* WithdrawCompaniesTableViewController.swift */ = {isa = PBXFileReference; lastKnownFileType = sourcecode.swift; path = WithdrawCompaniesTableViewController.swift; sourceTree = "<group>"; };
		40F86FEA20839B0E00576EBE /* WithdrawCompaniesTableViewCell.swift */ = {isa = PBXFileReference; lastKnownFileType = sourcecode.swift; path = WithdrawCompaniesTableViewCell.swift; sourceTree = "<group>"; };
		40F86FEC20839FCB00576EBE /* WithdrawCompany.swift */ = {isa = PBXFileReference; lastKnownFileType = sourcecode.swift; path = WithdrawCompany.swift; sourceTree = "<group>"; };
		4944F9CA81F6A544353E14AF /* Pods-Yebalak.release.xcconfig */ = {isa = PBXFileReference; includeInIndex = 1; lastKnownFileType = text.xcconfig; name = "Pods-Yebalak.release.xcconfig"; path = "Pods/Target Support Files/Pods-Yebalak/Pods-Yebalak.release.xcconfig"; sourceTree = "<group>"; };
		4EEDD6E6D710D51E754B95F7 /* Pods-Yebalak.debug.xcconfig */ = {isa = PBXFileReference; includeInIndex = 1; lastKnownFileType = text.xcconfig; name = "Pods-Yebalak.debug.xcconfig"; path = "Pods/Target Support Files/Pods-Yebalak/Pods-Yebalak.debug.xcconfig"; sourceTree = "<group>"; };
		7D1184822083998C00874D0E /* Withdraw.storyboard */ = {isa = PBXFileReference; lastKnownFileType = file.storyboard; path = Withdraw.storyboard; sourceTree = "<group>"; };
		7D11848420839BE100874D0E /* WithdrawVC.swift */ = {isa = PBXFileReference; lastKnownFileType = sourcecode.swift; path = WithdrawVC.swift; sourceTree = "<group>"; };
		7D20A8452084F5A7001CC099 /* Branche.swift */ = {isa = PBXFileReference; lastKnownFileType = sourcecode.swift; path = Branche.swift; sourceTree = "<group>"; };
		7D20A8472084F66A001CC099 /* Merchant.swift */ = {isa = PBXFileReference; lastKnownFileType = sourcecode.swift; path = Merchant.swift; sourceTree = "<group>"; };
		7D20A8492084F6A6001CC099 /* MerchantDevice.swift */ = {isa = PBXFileReference; lastKnownFileType = sourcecode.swift; path = MerchantDevice.swift; sourceTree = "<group>"; };
		7D20A84B2084F6DC001CC099 /* Deposit.swift */ = {isa = PBXFileReference; lastKnownFileType = sourcecode.swift; path = Deposit.swift; sourceTree = "<group>"; };
		7D20A84D2084F88C001CC099 /* DepositHistoryVC.swift */ = {isa = PBXFileReference; lastKnownFileType = sourcecode.swift; path = DepositHistoryVC.swift; sourceTree = "<group>"; };
		7D20A84F2085068B001CC099 /* History.storyboard */ = {isa = PBXFileReference; lastKnownFileType = file.storyboard; path = History.storyboard; sourceTree = "<group>"; };
		7D5668C920860D2900DC46F4 /* UserWithdraw.swift */ = {isa = PBXFileReference; lastKnownFileType = sourcecode.swift; path = UserWithdraw.swift; sourceTree = "<group>"; };
		7D5668CB20860FBA00DC46F4 /* UserWithdrawHistoryVC.swift */ = {isa = PBXFileReference; lastKnownFileType = sourcecode.swift; path = UserWithdrawHistoryVC.swift; sourceTree = "<group>"; };
		7D5668CE208618E700DC46F4 /* EditProfileVC.swift */ = {isa = PBXFileReference; lastKnownFileType = sourcecode.swift; path = EditProfileVC.swift; sourceTree = "<group>"; };
		7D63DAA8207E14CB00BF54E1 /* AppConstant.swift */ = {isa = PBXFileReference; lastKnownFileType = sourcecode.swift; path = AppConstant.swift; sourceTree = "<group>"; };
		7D63DAAA207E195200BF54E1 /* User.swift */ = {isa = PBXFileReference; lastKnownFileType = sourcecode.swift; path = User.swift; sourceTree = "<group>"; };
		7D63DAAC207E2A2700BF54E1 /* GeneralMethod.swift */ = {isa = PBXFileReference; lastKnownFileType = sourcecode.swift; path = GeneralMethod.swift; sourceTree = "<group>"; };
		7D63DAAE207E2BE700BF54E1 /* Extensions.swift */ = {isa = PBXFileReference; lastKnownFileType = sourcecode.swift; path = Extensions.swift; sourceTree = "<group>"; };
		7D63DAB0207E2ED700BF54E1 /* Enumeration.swift */ = {isa = PBXFileReference; lastKnownFileType = sourcecode.swift; path = Enumeration.swift; sourceTree = "<group>"; };
		7D63DAB4207E4C0800BF54E1 /* VerifyVC.swift */ = {isa = PBXFileReference; lastKnownFileType = sourcecode.swift; path = VerifyVC.swift; sourceTree = "<group>"; };
		7D77A6D0207CB837006D91B6 /* Yebalak.app */ = {isa = PBXFileReference; explicitFileType = wrapper.application; includeInIndex = 0; path = Yebalak.app; sourceTree = BUILT_PRODUCTS_DIR; };
		7D77A6D3207CB838006D91B6 /* AppDelegate.swift */ = {isa = PBXFileReference; lastKnownFileType = sourcecode.swift; path = AppDelegate.swift; sourceTree = "<group>"; };
		7D77A6D5207CB838006D91B6 /* BalanceViewController.swift */ = {isa = PBXFileReference; lastKnownFileType = sourcecode.swift; path = BalanceViewController.swift; sourceTree = "<group>"; };
		7D77A6D8207CB838006D91B6 /* Base */ = {isa = PBXFileReference; lastKnownFileType = file.storyboard; name = Base; path = Base.lproj/Main.storyboard; sourceTree = "<group>"; };
		7D77A6DA207CB838006D91B6 /* Assets.xcassets */ = {isa = PBXFileReference; lastKnownFileType = folder.assetcatalog; path = Assets.xcassets; sourceTree = "<group>"; };
		7D77A6DD207CB838006D91B6 /* Base */ = {isa = PBXFileReference; lastKnownFileType = file.storyboard; name = Base; path = Base.lproj/LaunchScreen.storyboard; sourceTree = "<group>"; };
		7D77A6DF207CB838006D91B6 /* Info.plist */ = {isa = PBXFileReference; lastKnownFileType = text.plist.xml; path = Info.plist; sourceTree = "<group>"; };
		7D77A6E6207CBD49006D91B6 /* Register.storyboard */ = {isa = PBXFileReference; lastKnownFileType = file.storyboard; path = Register.storyboard; sourceTree = "<group>"; };
		7D77A6E9207CBDB0006D91B6 /* RegisterVC.swift */ = {isa = PBXFileReference; lastKnownFileType = sourcecode.swift; path = RegisterVC.swift; sourceTree = "<group>"; };
		7D77A6EC207D0384006D91B6 /* serverManger.swift */ = {isa = PBXFileReference; lastKnownFileType = sourcecode.swift; path = serverManger.swift; sourceTree = "<group>"; };
		7D77A6EF207D0496006D91B6 /* ApiRequests.swift */ = {isa = PBXFileReference; lastKnownFileType = sourcecode.swift; path = ApiRequests.swift; sourceTree = "<group>"; };
		7D77A6F3207D1506006D91B6 /* LoginVC.swift */ = {isa = PBXFileReference; lastKnownFileType = sourcecode.swift; path = LoginVC.swift; sourceTree = "<group>"; };
		9182668FEE11551F15EEE8D5 /* Pods_Yebalak.framework */ = {isa = PBXFileReference; explicitFileType = wrapper.framework; includeInIndex = 0; path = Pods_Yebalak.framework; sourceTree = BUILT_PRODUCTS_DIR; };
/* End PBXFileReference section */

/* Begin PBXFrameworksBuildPhase section */
		7D77A6CD207CB837006D91B6 /* Frameworks */ = {
			isa = PBXFrameworksBuildPhase;
			buildActionMask = 2147483647;
			files = (
				67BD943F2A1299584C58DF7F /* Pods_Yebalak.framework in Frameworks */,
			);
			runOnlyForDeploymentPostprocessing = 0;
		};
/* End PBXFrameworksBuildPhase section */

/* Begin PBXGroup section */
		28DEBFF1AE69267F129FF9E7 /* Pods */ = {
			isa = PBXGroup;
			children = (
				4EEDD6E6D710D51E754B95F7 /* Pods-Yebalak.debug.xcconfig */,
				4944F9CA81F6A544353E14AF /* Pods-Yebalak.release.xcconfig */,
			);
			name = Pods;
			sourceTree = "<group>";
		};
		40CF8AB42085F96C00339513 /* Main */ = {
			isa = PBXGroup;
			children = (
				7D77A6DC207CB838006D91B6 /* LaunchScreen.storyboard */,
				7D77A6D7207CB838006D91B6 /* Main.storyboard */,
			);
			path = Main;
			sourceTree = "<group>";
		};
		40CF8AB52085FA0800339513 /* Register */ = {
			isa = PBXGroup;
			children = (
				7D77A6E6207CBD49006D91B6 /* Register.storyboard */,
			);
			path = Register;
			sourceTree = "<group>";
		};
		40CF8AB62085FA1E00339513 /* Withdraw */ = {
			isa = PBXGroup;
			children = (
				7D1184822083998C00874D0E /* Withdraw.storyboard */,
			);
			path = Withdraw;
			sourceTree = "<group>";
		};
		40CF8AB72085FA2F00339513 /* History */ = {
			isa = PBXGroup;
			children = (
				7D20A84F2085068B001CC099 /* History.storyboard */,
			);
			path = History;
			sourceTree = "<group>";
		};
		40CF8AB82085FAF500339513 /* Login */ = {
			isa = PBXGroup;
			children = (
				7D77A6F3207D1506006D91B6 /* LoginVC.swift */,
			);
			path = Login;
			sourceTree = "<group>";
		};
		40CF8AB92085FB0100339513 /* Register */ = {
			isa = PBXGroup;
			children = (
				7D77A6E9207CBDB0006D91B6 /* RegisterVC.swift */,
				7D63DAB4207E4C0800BF54E1 /* VerifyVC.swift */,
			);
			path = Register;
			sourceTree = "<group>";
		};
		40CF8ABA2085FB1F00339513 /* Main */ = {
			isa = PBXGroup;
			children = (
				7D77A6D5207CB838006D91B6 /* BalanceViewController.swift */,
			);
			path = Main;
			sourceTree = "<group>";
		};
		40CF8ABB2085FB3500339513 /* Withdraw */ = {
			isa = PBXGroup;
			children = (
				7D11848420839BE100874D0E /* WithdrawVC.swift */,
				40F86FE820839AE800576EBE /* WithdrawCompaniesTableViewController.swift */,
				40F86FEA20839B0E00576EBE /* WithdrawCompaniesTableViewCell.swift */,
			);
			path = Withdraw;
			sourceTree = "<group>";
		};
		40CF8ABC2085FB4900339513 /* History */ = {
			isa = PBXGroup;
			children = (
				404921552086209400112F49 /* HistoryTableViewCell.swift */,
				7D20A84D2084F88C001CC099 /* DepositHistoryVC.swift */,
				7D5668CB20860FBA00DC46F4 /* UserWithdrawHistoryVC.swift */,
			);
			path = History;
			sourceTree = "<group>";
		};
		40CF8ABD2085FB8E00339513 /* User */ = {
			isa = PBXGroup;
			children = (
				7D63DAAA207E195200BF54E1 /* User.swift */,
			);
			path = User;
			sourceTree = "<group>";
		};
		40CF8ABE2085FB9700339513 /* Withdraw */ = {
			isa = PBXGroup;
			children = (
				40F86FEC20839FCB00576EBE /* WithdrawCompany.swift */,
			);
			path = Withdraw;
			sourceTree = "<group>";
		};
		40CF8ABF2085FBA300339513 /* Deposite */ = {
			isa = PBXGroup;
			children = (
				7D20A84B2084F6DC001CC099 /* Deposit.swift */,
				7D20A8472084F66A001CC099 /* Merchant.swift */,
				7D20A8452084F5A7001CC099 /* Branche.swift */,
				7D20A8492084F6A6001CC099 /* MerchantDevice.swift */,
			);
			path = Deposite;
			sourceTree = "<group>";
		};
		40CF8AC02085FBBA00339513 /* SupportingFiles */ = {
			isa = PBXGroup;
			children = (
				7D77A6DA207CB838006D91B6 /* Assets.xcassets */,
				7D63DAA8207E14CB00BF54E1 /* AppConstant.swift */,
				7D63DAAC207E2A2700BF54E1 /* GeneralMethod.swift */,
				7D63DAAE207E2BE700BF54E1 /* Extensions.swift */,
				7D63DAB0207E2ED700BF54E1 /* Enumeration.swift */,
				7D77A6D3207CB838006D91B6 /* AppDelegate.swift */,
			);
			path = SupportingFiles;
			sourceTree = "<group>";
		};
		7D5668C820860CF300DC46F4 /* UserWithdraw */ = {
			isa = PBXGroup;
			children = (
				7D5668C920860D2900DC46F4 /* UserWithdraw.swift */,
			);
			path = UserWithdraw;
			sourceTree = "<group>";
		};
		7D5668CD208618AB00DC46F4 /* Edit Profile */ = {
			isa = PBXGroup;
			children = (
				7D5668CE208618E700DC46F4 /* EditProfileVC.swift */,
			);
			path = "Edit Profile";
			sourceTree = "<group>";
		};
		7D77A6C7207CB837006D91B6 = {
			isa = PBXGroup;
			children = (
				7D77A6D2207CB838006D91B6 /* Yebalak */,
				7D77A6D1207CB837006D91B6 /* Products */,
				28DEBFF1AE69267F129FF9E7 /* Pods */,
				DA69CFBA266E3F8B57BEA554 /* Frameworks */,
			);
			sourceTree = "<group>";
		};
		7D77A6D1207CB837006D91B6 /* Products */ = {
			isa = PBXGroup;
			children = (
				7D77A6D0207CB837006D91B6 /* Yebalak.app */,
			);
			name = Products;
			sourceTree = "<group>";
		};
		7D77A6D2207CB838006D91B6 /* Yebalak */ = {
			isa = PBXGroup;
			children = (
				40CF8AC02085FBBA00339513 /* SupportingFiles */,
				7D77A6EE207D03CB006D91B6 /* Model */,
				7D77A6E5207CBD2A006D91B6 /* Views */,
				7D77A6E8207CBD64006D91B6 /* Controller */,
				7D77A6EB207D0332006D91B6 /* Network */,
				7D77A6DF207CB838006D91B6 /* Info.plist */,
			);
			path = Yebalak;
			sourceTree = "<group>";
		};
		7D77A6E5207CBD2A006D91B6 /* Views */ = {
			isa = PBXGroup;
			children = (
				40CF8AB72085FA2F00339513 /* History */,
				40CF8AB62085FA1E00339513 /* Withdraw */,
				40CF8AB52085FA0800339513 /* Register */,
				40CF8AB42085F96C00339513 /* Main */,
			);
			path = Views;
			sourceTree = "<group>";
		};
		7D77A6E8207CBD64006D91B6 /* Controller */ = {
			isa = PBXGroup;
			children = (
				7D5668CD208618AB00DC46F4 /* Edit Profile */,
				40CF8ABC2085FB4900339513 /* History */,
				40CF8ABB2085FB3500339513 /* Withdraw */,
				40CF8ABA2085FB1F00339513 /* Main */,
				40CF8AB92085FB0100339513 /* Register */,
				40CF8AB82085FAF500339513 /* Login */,
			);
			path = Controller;
			sourceTree = "<group>";
		};
		7D77A6EB207D0332006D91B6 /* Network */ = {
			isa = PBXGroup;
			children = (
				7D77A6EC207D0384006D91B6 /* serverManger.swift */,
				7D77A6EF207D0496006D91B6 /* ApiRequests.swift */,
			);
			path = Network;
			sourceTree = "<group>";
		};
		7D77A6EE207D03CB006D91B6 /* Model */ = {
			isa = PBXGroup;
			children = (
				7D5668C820860CF300DC46F4 /* UserWithdraw */,
				40CF8ABF2085FBA300339513 /* Deposite */,
				40CF8ABE2085FB9700339513 /* Withdraw */,
				40CF8ABD2085FB8E00339513 /* User */,
			);
			path = Model;
			sourceTree = "<group>";
		};
		DA69CFBA266E3F8B57BEA554 /* Frameworks */ = {
			isa = PBXGroup;
			children = (
				9182668FEE11551F15EEE8D5 /* Pods_Yebalak.framework */,
			);
			name = Frameworks;
			sourceTree = "<group>";
		};
/* End PBXGroup section */

/* Begin PBXNativeTarget section */
		7D77A6CF207CB837006D91B6 /* Yebalak */ = {
			isa = PBXNativeTarget;
			buildConfigurationList = 7D77A6E2207CB838006D91B6 /* Build configuration list for PBXNativeTarget "Yebalak" */;
			buildPhases = (
				FE4E4A38A9FBE8CD6151ED42 /* [CP] Check Pods Manifest.lock */,
				7D77A6CC207CB837006D91B6 /* Sources */,
				7D77A6CD207CB837006D91B6 /* Frameworks */,
				7D77A6CE207CB837006D91B6 /* Resources */,
				556D57BD28E0F7F3D1908AFE /* [CP] Embed Pods Frameworks */,
				C0F1360DA18163E4F4295CB2 /* [CP] Copy Pods Resources */,
			);
			buildRules = (
			);
			dependencies = (
			);
			name = Yebalak;
			productName = Yebalak;
			productReference = 7D77A6D0207CB837006D91B6 /* Yebalak.app */;
			productType = "com.apple.product-type.application";
		};
/* End PBXNativeTarget section */

/* Begin PBXProject section */
		7D77A6C8207CB837006D91B6 /* Project object */ = {
			isa = PBXProject;
			attributes = {
				LastSwiftUpdateCheck = 0910;
				LastUpgradeCheck = 0910;
				ORGANIZATIONNAME = AmrObjection;
				TargetAttributes = {
					7D77A6CF207CB837006D91B6 = {
						CreatedOnToolsVersion = 9.1;
						ProvisioningStyle = Automatic;
					};
				};
			};
			buildConfigurationList = 7D77A6CB207CB837006D91B6 /* Build configuration list for PBXProject "Yebalak" */;
			compatibilityVersion = "Xcode 8.0";
			developmentRegion = en;
			hasScannedForEncodings = 0;
			knownRegions = (
				en,
				Base,
			);
			mainGroup = 7D77A6C7207CB837006D91B6;
			productRefGroup = 7D77A6D1207CB837006D91B6 /* Products */;
			projectDirPath = "";
			projectRoot = "";
			targets = (
				7D77A6CF207CB837006D91B6 /* Yebalak */,
			);
		};
/* End PBXProject section */

/* Begin PBXResourcesBuildPhase section */
		7D77A6CE207CB837006D91B6 /* Resources */ = {
			isa = PBXResourcesBuildPhase;
			buildActionMask = 2147483647;
			files = (
				7D77A6DE207CB838006D91B6 /* LaunchScreen.storyboard in Resources */,
				7D77A6DB207CB838006D91B6 /* Assets.xcassets in Resources */,
				7D20A8502085068B001CC099 /* History.storyboard in Resources */,
				7D1184832083998C00874D0E /* Withdraw.storyboard in Resources */,
				7D77A6D9207CB838006D91B6 /* Main.storyboard in Resources */,
				7D77A6E7207CBD49006D91B6 /* Register.storyboard in Resources */,
			);
			runOnlyForDeploymentPostprocessing = 0;
		};
/* End PBXResourcesBuildPhase section */

/* Begin PBXShellScriptBuildPhase section */
		556D57BD28E0F7F3D1908AFE /* [CP] Embed Pods Frameworks */ = {
			isa = PBXShellScriptBuildPhase;
			buildActionMask = 12;
			files = (
			);
			inputPaths = (
				"${SRCROOT}/Pods/Target Support Files/Pods-Yebalak/Pods-Yebalak-frameworks.sh",
				"${BUILT_PRODUCTS_DIR}/Alamofire/Alamofire.framework",
				"${BUILT_PRODUCTS_DIR}/AlamofireImage/AlamofireImage.framework",
				"${BUILT_PRODUCTS_DIR}/SwiftyJSON/SwiftyJSON.framework",
			);
			name = "[CP] Embed Pods Frameworks";
			outputPaths = (
				"${TARGET_BUILD_DIR}/${FRAMEWORKS_FOLDER_PATH}/Alamofire.framework",
				"${TARGET_BUILD_DIR}/${FRAMEWORKS_FOLDER_PATH}/AlamofireImage.framework",
				"${TARGET_BUILD_DIR}/${FRAMEWORKS_FOLDER_PATH}/SwiftyJSON.framework",
			);
			runOnlyForDeploymentPostprocessing = 0;
			shellPath = /bin/sh;
			shellScript = "\"${SRCROOT}/Pods/Target Support Files/Pods-Yebalak/Pods-Yebalak-frameworks.sh\"\n";
			showEnvVarsInLog = 0;
		};
		C0F1360DA18163E4F4295CB2 /* [CP] Copy Pods Resources */ = {
			isa = PBXShellScriptBuildPhase;
			buildActionMask = 12;
			files = (
			);
			inputPaths = (
			);
			name = "[CP] Copy Pods Resources";
			outputPaths = (
			);
			runOnlyForDeploymentPostprocessing = 0;
			shellPath = /bin/sh;
			shellScript = "\"${SRCROOT}/Pods/Target Support Files/Pods-Yebalak/Pods-Yebalak-resources.sh\"\n";
			showEnvVarsInLog = 0;
		};
		FE4E4A38A9FBE8CD6151ED42 /* [CP] Check Pods Manifest.lock */ = {
			isa = PBXShellScriptBuildPhase;
			buildActionMask = 2147483647;
			files = (
			);
			inputPaths = (
				"${PODS_PODFILE_DIR_PATH}/Podfile.lock",
				"${PODS_ROOT}/Manifest.lock",
			);
			name = "[CP] Check Pods Manifest.lock";
			outputPaths = (
				"$(DERIVED_FILE_DIR)/Pods-Yebalak-checkManifestLockResult.txt",
			);
			runOnlyForDeploymentPostprocessing = 0;
			shellPath = /bin/sh;
			shellScript = "diff \"${PODS_PODFILE_DIR_PATH}/Podfile.lock\" \"${PODS_ROOT}/Manifest.lock\" > /dev/null\nif [ $? != 0 ] ; then\n    # print error to STDERR\n    echo \"error: The sandbox is not in sync with the Podfile.lock. Run 'pod install' or update your CocoaPods installation.\" >&2\n    exit 1\nfi\n# This output is used by Xcode 'outputs' to avoid re-running this script phase.\necho \"SUCCESS\" > \"${SCRIPT_OUTPUT_FILE_0}\"\n";
			showEnvVarsInLog = 0;
		};
/* End PBXShellScriptBuildPhase section */

/* Begin PBXSourcesBuildPhase section */
		7D77A6CC207CB837006D91B6 /* Sources */ = {
			isa = PBXSourcesBuildPhase;
			buildActionMask = 2147483647;
			files = (
				7D63DAAD207E2A2700BF54E1 /* GeneralMethod.swift in Sources */,
				7D77A6EA207CBDB0006D91B6 /* RegisterVC.swift in Sources */,
				404921562086209400112F49 /* HistoryTableViewCell.swift in Sources */,
				7D77A6D6207CB838006D91B6 /* BalanceViewController.swift in Sources */,
				7D11848520839BE100874D0E /* WithdrawVC.swift in Sources */,
				7D77A6F4207D1506006D91B6 /* LoginVC.swift in Sources */,
				7D77A6F0207D0496006D91B6 /* ApiRequests.swift in Sources */,
				7D20A84A2084F6A6001CC099 /* MerchantDevice.swift in Sources */,
				40F86FE920839AE800576EBE /* WithdrawCompaniesTableViewController.swift in Sources */,
				7D63DAAF207E2BE700BF54E1 /* Extensions.swift in Sources */,
				40F86FEB20839B0E00576EBE /* WithdrawCompaniesTableViewCell.swift in Sources */,
				7D63DAAB207E195200BF54E1 /* User.swift in Sources */,
				7D63DAB5207E4C0800BF54E1 /* VerifyVC.swift in Sources */,
				7D20A84C2084F6DC001CC099 /* Deposit.swift in Sources */,
				7D63DAA9207E14CB00BF54E1 /* AppConstant.swift in Sources */,
				7D20A84E2084F88C001CC099 /* DepositHistoryVC.swift in Sources */,
				40F86FED20839FCB00576EBE /* WithdrawCompany.swift in Sources */,
				7D63DAB1207E2ED700BF54E1 /* Enumeration.swift in Sources */,
				7D5668CC20860FBA00DC46F4 /* UserWithdrawHistoryVC.swift in Sources */,
				7D20A8462084F5A8001CC099 /* Branche.swift in Sources */,
				7D5668CF208618E700DC46F4 /* EditProfileVC.swift in Sources */,
				7D5668CA20860D2900DC46F4 /* UserWithdraw.swift in Sources */,
				7D77A6ED207D0384006D91B6 /* serverManger.swift in Sources */,
				7D77A6D4207CB838006D91B6 /* AppDelegate.swift in Sources */,
				7D20A8482084F66A001CC099 /* Merchant.swift in Sources */,
			);
			runOnlyForDeploymentPostprocessing = 0;
		};
/* End PBXSourcesBuildPhase section */

/* Begin PBXVariantGroup section */
		7D77A6D7207CB838006D91B6 /* Main.storyboard */ = {
			isa = PBXVariantGroup;
			children = (
				7D77A6D8207CB838006D91B6 /* Base */,
			);
			name = Main.storyboard;
			sourceTree = "<group>";
		};
		7D77A6DC207CB838006D91B6 /* LaunchScreen.storyboard */ = {
			isa = PBXVariantGroup;
			children = (
				7D77A6DD207CB838006D91B6 /* Base */,
			);
			name = LaunchScreen.storyboard;
			sourceTree = "<group>";
		};
/* End PBXVariantGroup section */

/* Begin XCBuildConfiguration section */
		7D77A6E0207CB838006D91B6 /* Debug */ = {
			isa = XCBuildConfiguration;
			buildSettings = {
				ALWAYS_SEARCH_USER_PATHS = NO;
				CLANG_ANALYZER_NONNULL = YES;
				CLANG_ANALYZER_NUMBER_OBJECT_CONVERSION = YES_AGGRESSIVE;
				CLANG_CXX_LANGUAGE_STANDARD = "gnu++14";
				CLANG_CXX_LIBRARY = "libc++";
				CLANG_ENABLE_MODULES = YES;
				CLANG_ENABLE_OBJC_ARC = YES;
				CLANG_WARN_BLOCK_CAPTURE_AUTORELEASING = YES;
				CLANG_WARN_BOOL_CONVERSION = YES;
				CLANG_WARN_COMMA = YES;
				CLANG_WARN_CONSTANT_CONVERSION = YES;
				CLANG_WARN_DIRECT_OBJC_ISA_USAGE = YES_ERROR;
				CLANG_WARN_DOCUMENTATION_COMMENTS = YES;
				CLANG_WARN_EMPTY_BODY = YES;
				CLANG_WARN_ENUM_CONVERSION = YES;
				CLANG_WARN_INFINITE_RECURSION = YES;
				CLANG_WARN_INT_CONVERSION = YES;
				CLANG_WARN_NON_LITERAL_NULL_CONVERSION = YES;
				CLANG_WARN_OBJC_LITERAL_CONVERSION = YES;
				CLANG_WARN_OBJC_ROOT_CLASS = YES_ERROR;
				CLANG_WARN_RANGE_LOOP_ANALYSIS = YES;
				CLANG_WARN_STRICT_PROTOTYPES = YES;
				CLANG_WARN_SUSPICIOUS_MOVE = YES;
				CLANG_WARN_UNGUARDED_AVAILABILITY = YES_AGGRESSIVE;
				CLANG_WARN_UNREACHABLE_CODE = YES;
				CLANG_WARN__DUPLICATE_METHOD_MATCH = YES;
				CODE_SIGN_IDENTITY = "iPhone Developer";
				COPY_PHASE_STRIP = NO;
				DEBUG_INFORMATION_FORMAT = dwarf;
				ENABLE_STRICT_OBJC_MSGSEND = YES;
				ENABLE_TESTABILITY = YES;
				GCC_C_LANGUAGE_STANDARD = gnu11;
				GCC_DYNAMIC_NO_PIC = NO;
				GCC_NO_COMMON_BLOCKS = YES;
				GCC_OPTIMIZATION_LEVEL = 0;
				GCC_PREPROCESSOR_DEFINITIONS = (
					"DEBUG=1",
					"$(inherited)",
				);
				GCC_WARN_64_TO_32_BIT_CONVERSION = YES;
				GCC_WARN_ABOUT_RETURN_TYPE = YES_ERROR;
				GCC_WARN_UNDECLARED_SELECTOR = YES;
				GCC_WARN_UNINITIALIZED_AUTOS = YES_AGGRESSIVE;
				GCC_WARN_UNUSED_FUNCTION = YES;
				GCC_WARN_UNUSED_VARIABLE = YES;
				IPHONEOS_DEPLOYMENT_TARGET = 11.1;
				MTL_ENABLE_DEBUG_INFO = YES;
				ONLY_ACTIVE_ARCH = YES;
				SDKROOT = iphoneos;
				SWIFT_ACTIVE_COMPILATION_CONDITIONS = DEBUG;
				SWIFT_OPTIMIZATION_LEVEL = "-Onone";
			};
			name = Debug;
		};
		7D77A6E1207CB838006D91B6 /* Release */ = {
			isa = XCBuildConfiguration;
			buildSettings = {
				ALWAYS_SEARCH_USER_PATHS = NO;
				CLANG_ANALYZER_NONNULL = YES;
				CLANG_ANALYZER_NUMBER_OBJECT_CONVERSION = YES_AGGRESSIVE;
				CLANG_CXX_LANGUAGE_STANDARD = "gnu++14";
				CLANG_CXX_LIBRARY = "libc++";
				CLANG_ENABLE_MODULES = YES;
				CLANG_ENABLE_OBJC_ARC = YES;
				CLANG_WARN_BLOCK_CAPTURE_AUTORELEASING = YES;
				CLANG_WARN_BOOL_CONVERSION = YES;
				CLANG_WARN_COMMA = YES;
				CLANG_WARN_CONSTANT_CONVERSION = YES;
				CLANG_WARN_DIRECT_OBJC_ISA_USAGE = YES_ERROR;
				CLANG_WARN_DOCUMENTATION_COMMENTS = YES;
				CLANG_WARN_EMPTY_BODY = YES;
				CLANG_WARN_ENUM_CONVERSION = YES;
				CLANG_WARN_INFINITE_RECURSION = YES;
				CLANG_WARN_INT_CONVERSION = YES;
				CLANG_WARN_NON_LITERAL_NULL_CONVERSION = YES;
				CLANG_WARN_OBJC_LITERAL_CONVERSION = YES;
				CLANG_WARN_OBJC_ROOT_CLASS = YES_ERROR;
				CLANG_WARN_RANGE_LOOP_ANALYSIS = YES;
				CLANG_WARN_STRICT_PROTOTYPES = YES;
				CLANG_WARN_SUSPICIOUS_MOVE = YES;
				CLANG_WARN_UNGUARDED_AVAILABILITY = YES_AGGRESSIVE;
				CLANG_WARN_UNREACHABLE_CODE = YES;
				CLANG_WARN__DUPLICATE_METHOD_MATCH = YES;
				CODE_SIGN_IDENTITY = "iPhone Developer";
				COPY_PHASE_STRIP = NO;
				DEBUG_INFORMATION_FORMAT = "dwarf-with-dsym";
				ENABLE_NS_ASSERTIONS = NO;
				ENABLE_STRICT_OBJC_MSGSEND = YES;
				GCC_C_LANGUAGE_STANDARD = gnu11;
				GCC_NO_COMMON_BLOCKS = YES;
				GCC_WARN_64_TO_32_BIT_CONVERSION = YES;
				GCC_WARN_ABOUT_RETURN_TYPE = YES_ERROR;
				GCC_WARN_UNDECLARED_SELECTOR = YES;
				GCC_WARN_UNINITIALIZED_AUTOS = YES_AGGRESSIVE;
				GCC_WARN_UNUSED_FUNCTION = YES;
				GCC_WARN_UNUSED_VARIABLE = YES;
				IPHONEOS_DEPLOYMENT_TARGET = 11.1;
				MTL_ENABLE_DEBUG_INFO = NO;
				SDKROOT = iphoneos;
				SWIFT_OPTIMIZATION_LEVEL = "-Owholemodule";
				VALIDATE_PRODUCT = YES;
			};
			name = Release;
		};
		7D77A6E3207CB838006D91B6 /* Debug */ = {
			isa = XCBuildConfiguration;
			baseConfigurationReference = 4EEDD6E6D710D51E754B95F7 /* Pods-Yebalak.debug.xcconfig */;
			buildSettings = {
				ASSETCATALOG_COMPILER_APPICON_NAME = AppIcon;
				CODE_SIGN_STYLE = Automatic;
				DEVELOPMENT_TEAM = 7364C3DSQ7;
				INFOPLIST_FILE = Yebalak/Info.plist;
				LD_RUNPATH_SEARCH_PATHS = "$(inherited) @executable_path/Frameworks";
				PRODUCT_BUNDLE_IDENTIFIER = com.hyperdesign.Yebalak;
				PRODUCT_NAME = "$(TARGET_NAME)";
				SWIFT_VERSION = 4.0;
				TARGETED_DEVICE_FAMILY = "1,2";
			};
			name = Debug;
		};
		7D77A6E4207CB838006D91B6 /* Release */ = {
			isa = XCBuildConfiguration;
			baseConfigurationReference = 4944F9CA81F6A544353E14AF /* Pods-Yebalak.release.xcconfig */;
			buildSettings = {
				ASSETCATALOG_COMPILER_APPICON_NAME = AppIcon;
				CODE_SIGN_STYLE = Automatic;
				DEVELOPMENT_TEAM = 7364C3DSQ7;
				INFOPLIST_FILE = Yebalak/Info.plist;
				LD_RUNPATH_SEARCH_PATHS = "$(inherited) @executable_path/Frameworks";
				PRODUCT_BUNDLE_IDENTIFIER = com.hyperdesign.Yebalak;
				PRODUCT_NAME = "$(TARGET_NAME)";
				SWIFT_VERSION = 4.0;
				TARGETED_DEVICE_FAMILY = "1,2";
			};
			name = Release;
		};
/* End XCBuildConfiguration section */

/* Begin XCConfigurationList section */
		7D77A6CB207CB837006D91B6 /* Build configuration list for PBXProject "Yebalak" */ = {
			isa = XCConfigurationList;
			buildConfigurations = (
				7D77A6E0207CB838006D91B6 /* Debug */,
				7D77A6E1207CB838006D91B6 /* Release */,
			);
			defaultConfigurationIsVisible = 0;
			defaultConfigurationName = Release;
		};
		7D77A6E2207CB838006D91B6 /* Build configuration list for PBXNativeTarget "Yebalak" */ = {
			isa = XCConfigurationList;
			buildConfigurations = (
				7D77A6E3207CB838006D91B6 /* Debug */,
				7D77A6E4207CB838006D91B6 /* Release */,
			);
			defaultConfigurationIsVisible = 0;
			defaultConfigurationName = Release;
		};
/* End XCConfigurationList section */
	};
	rootObject = 7D77A6C8207CB837006D91B6 /* Project object */;
}
